PODS:
  - ActiveLabel (1.1.0)
  - ARSLineProgress (3.1.0)
  - CropViewController (2.5.0)
  - EZSwipeController (0.6.1)
  - Firebase/Analytics (6.1.0):
    - Firebase/Core
  - Firebase/Auth (6.1.0):
    - Firebase/CoreOnly
    - FirebaseAuth (~> 6.1.0)
  - Firebase/Core (6.1.0):
    - Firebase/CoreOnly
    - FirebaseAnalytics (= 6.0.1)
  - Firebase/CoreOnly (6.1.0):
    - FirebaseCore (= 6.0.1)
  - Firebase/Database (6.1.0):
    - Firebase/CoreOnly
    - FirebaseDatabase (~> 6.0.0)
  - Firebase/DynamicLinks (6.1.0):
    - Firebase/CoreOnly
    - FirebaseDynamicLinks (~> 4.0.0)
  - Firebase/Messaging (6.1.0):
    - Firebase/CoreOnly
    - FirebaseMessaging (~> 4.0.1)
  - Firebase/Performance (6.1.0):
    - Firebase/CoreOnly
    - FirebasePerformance (~> 3.0.0)
  - Firebase/Storage (6.1.0):
    - Firebase/CoreOnly
    - FirebaseStorage (~> 3.2.1)
  - FirebaseABTesting (3.0.0):
    - FirebaseCore (~> 6.0)
    - Protobuf (~> 3.5)
  - FirebaseAnalytics (6.0.1):
    - FirebaseCore (~> 6.0)
    - FirebaseInstanceID (~> 4.1)
    - GoogleAppMeasurement (= 6.0.1)
    - GoogleUtilities/AppDelegateSwizzler (~> 6.0)
    - GoogleUtilities/MethodSwizzler (~> 6.0)
    - GoogleUtilities/Network (~> 6.0)
    - "GoogleUtilities/NSData+zlib (~> 6.0)"
    - nanopb (~> 0.3)
  - FirebaseAnalyticsInterop (1.2.0)
  - FirebaseAuth (6.1.0):
    - FirebaseAuthInterop (~> 1.0)
    - FirebaseCore (~> 6.0)
    - GoogleUtilities/AppDelegateSwizzler (~> 6.0)
    - GoogleUtilities/Environment (~> 6.0)
    - GTMSessionFetcher/Core (~> 1.1)
  - FirebaseAuthInterop (1.0.0)
  - FirebaseCore (6.0.1):
    - GoogleUtilities/Environment (~> 6.0)
    - GoogleUtilities/Logger (~> 6.0)
  - FirebaseDatabase (6.0.0):
    - FirebaseAuthInterop (~> 1.0)
    - FirebaseCore (~> 6.0)
    - leveldb-library (~> 1.18)
  - FirebaseDynamicLinks (4.0.0):
    - FirebaseAnalyticsInterop (~> 1.0)
    - FirebaseCore (~> 6.0)
  - FirebaseInstanceID (4.1.0):
    - FirebaseCore (~> 6.0)
    - GoogleUtilities/Environment (~> 6.0)
    - GoogleUtilities/UserDefaults (~> 6.0)
  - FirebaseMessaging (4.0.1):
    - FirebaseAnalyticsInterop (~> 1.1)
    - FirebaseCore (~> 6.0)
    - FirebaseInstanceID (~> 4.1)
    - GoogleUtilities/AppDelegateSwizzler (~> 6.0)
    - GoogleUtilities/Environment (~> 6.0)
    - GoogleUtilities/Reachability (~> 6.0)
    - GoogleUtilities/UserDefaults (~> 6.0)
    - Protobuf (~> 3.1)
  - FirebasePerformance (3.0.0):
    - FirebaseCore (~> 6.0)
    - FirebaseInstanceID (~> 4.0)
    - FirebaseRemoteConfig (~> 4.0)
    - GoogleToolboxForMac/Logger (~> 2.1)
    - "GoogleToolboxForMac/NSData+zlib (~> 2.1)"
    - GoogleUtilities/Environment (~> 6.0)
    - GoogleUtilities/ISASwizzler (~> 6.0)
    - GoogleUtilities/MethodSwizzler (~> 6.0)
    - GTMSessionFetcher/Core (~> 1.1)
    - Protobuf (~> 3.5)
  - FirebaseRemoteConfig (4.0.0):
    - FirebaseABTesting (~> 3.0)
    - FirebaseCore (~> 6.0)
    - FirebaseInstanceID (~> 4.0)
    - GoogleUtilities/Environment (~> 6.0)
    - "GoogleUtilities/NSData+zlib (~> 6.0)"
    - Protobuf (~> 3.5)
  - FirebaseStorage (3.2.1):
    - FirebaseAuthInterop (~> 1.0)
    - FirebaseCore (~> 6.0)
    - GTMSessionFetcher/Core (~> 1.1)
  - FLAnimatedImage (1.0.12)
  - FTPopOverMenu_Swift (0.2.0)
  - GoogleAppMeasurement (6.0.1):
    - GoogleUtilities/AppDelegateSwizzler (~> 6.0)
    - GoogleUtilities/MethodSwizzler (~> 6.0)
    - GoogleUtilities/Network (~> 6.0)
    - "GoogleUtilities/NSData+zlib (~> 6.0)"
    - nanopb (~> 0.3)
  - GoogleToolboxForMac/Defines (2.2.1)
  - GoogleToolboxForMac/Logger (2.2.1):
    - GoogleToolboxForMac/Defines (= 2.2.1)
  - "GoogleToolboxForMac/NSData+zlib (2.2.1)":
    - GoogleToolboxForMac/Defines (= 2.2.1)
  - GoogleUtilities/AppDelegateSwizzler (6.2.0):
    - GoogleUtilities/Environment
    - GoogleUtilities/Logger
    - GoogleUtilities/Network
  - GoogleUtilities/Environment (6.2.0)
  - GoogleUtilities/ISASwizzler (6.2.0)
  - GoogleUtilities/Logger (6.2.0):
    - GoogleUtilities/Environment
  - GoogleUtilities/MethodSwizzler (6.2.0):
    - GoogleUtilities/Logger
  - GoogleUtilities/Network (6.2.0):
    - GoogleUtilities/Logger
    - "GoogleUtilities/NSData+zlib"
    - GoogleUtilities/Reachability
  - "GoogleUtilities/NSData+zlib (6.2.0)"
  - GoogleUtilities/Reachability (6.2.0):
    - GoogleUtilities/Logger
  - GoogleUtilities/UserDefaults (6.2.0):
    - GoogleUtilities/Logger
  - GTMSessionFetcher/Core (1.2.2)
  - Kingfisher (5.5.0)
  - LBTAComponents (1.0.2)
  - LBTATools (1.0.6)
  - leveldb-library (1.20)
  - nanopb (0.3.901):
    - nanopb/decode (= 0.3.901)
    - nanopb/encode (= 0.3.901)
  - nanopb/decode (0.3.901)
  - nanopb/encode (0.3.901)
  - PKHUD (5.2.1)
  - Protobuf (3.8.0)
  - PryntTrimmerView (3.0.0)
  - SDWebImage (5.0.4):
    - SDWebImage/Core (= 5.0.4)
  - SDWebImage/Core (5.0.4)
  - Spring (1.0.5)
  - SteviaLayout (4.4.4)
  - UIFontComplete (4.0.0)
  - UIImageColors (2.1.0)
  - YPImagePicker (3.5.3):
    - PryntTrimmerView (~> 3.0.0)
    - SteviaLayout (~> 4.4.1)

DEPENDENCIES:
  - ActiveLabel
  - ARSLineProgress (~> 3.1)
  - CropViewController
  - EZSwipeController
  - Firebase/Analytics
  - Firebase/Auth
  - Firebase/Core
  - Firebase/Database
  - Firebase/DynamicLinks
  - Firebase/Messaging
  - Firebase/Performance
  - Firebase/Storage
  - FLAnimatedImage (~> 1.0)
  - FTPopOverMenu_Swift (~> 0.2.0)
  - Kingfisher
  - LBTAComponents
  - LBTATools
  - PKHUD
  - SDWebImage (~> 5.0)
  - Spring
  - UIFontComplete
  - UIImageColors
  - YPImagePicker (~> 3.5.2)

SPEC REPOS:
  https://github.com/CocoaPods/Specs.git:
    - ActiveLabel
    - ARSLineProgress
    - CropViewController
    - EZSwipeController
    - Firebase
    - FirebaseABTesting
    - FirebaseAnalytics
    - FirebaseAnalyticsInterop
    - FirebaseAuth
    - FirebaseAuthInterop
    - FirebaseCore
    - FirebaseDatabase
    - FirebaseDynamicLinks
    - FirebaseInstanceID
    - FirebaseMessaging
    - FirebasePerformance
    - FirebaseRemoteConfig
    - FirebaseStorage
    - FLAnimatedImage
    - FTPopOverMenu_Swift
    - GoogleAppMeasurement
    - GoogleToolboxForMac
    - GoogleUtilities
    - GTMSessionFetcher
    - Kingfisher
    - LBTAComponents
    - LBTATools
    - leveldb-library
    - nanopb
    - PKHUD
    - Protobuf
    - PryntTrimmerView
    - SDWebImage
    - Spring
    - SteviaLayout
    - UIFontComplete
    - UIImageColors
    - YPImagePicker

SPEC CHECKSUMS:
  ActiveLabel: 5e3f4de79a1952d4604b845a0610d4776e4b82b3
  ARSLineProgress: 60778657c69491796c3faf5b834c72924c405833
  CropViewController: 6c962d6fb264cc5cb325b622d5029d50c6c43e72
  EZSwipeController: 255b0f8aed31963b0236802c926e27dd006a2532
  Firebase: 8d77bb33624ae9b62d745d82ec023de5f70f7e4f
  FirebaseABTesting: a32c488eb75089a61eb3d86db061dfb909d765db
  FirebaseAnalytics: 629301c2b9925f3537d4093a17a72751ae5b7084
  FirebaseAnalyticsInterop: efbe45c8385ec626e29f9525e5ebd38520dfb6c1
  FirebaseAuth: 4281d6d98a90881e00710fa8d9e37c2ccdfc7d80
  FirebaseAuthInterop: 0ffa57668be100582bb7643d4fcb7615496c41fc
  FirebaseCore: 66bdef3b310a026880e2a5bc8aa586ab62ce4543
  FirebaseDatabase: f48e067716864be2b855cf716b927ef375d6cfa0
  FirebaseDynamicLinks: 25fc45fdf2557ee2ee630999c301245d8911792e
  FirebaseInstanceID: 27bed93a59b6685f5c3e0c028a878a764fd75c33
  FirebaseMessaging: 31377e05331d16dc6c9fd82554f9a5c49aa70aed
  FirebasePerformance: 3dd8dbe6eb1258b8d148eb33768f6aa6e1684127
  FirebaseRemoteConfig: 40f75c6ea20a52bf65ef44e3898910dd5b57c532
  FirebaseStorage: 926d41552072b9fee67aa645760f05f87b7ce604
  FLAnimatedImage: 4a0b56255d9b05f18b6dd7ee06871be5d3b89e31
  FTPopOverMenu_Swift: 44d95f702ef643f902c60d7e49553dfc0e874dac
  GoogleAppMeasurement: 51d8d9ea48f0ca44484d29cfbdef976fbd4fc336
  GoogleToolboxForMac: b3553629623a3b1bff17f555e736cd5a6d95ad55
  GoogleUtilities: 996e0db07153674fd1b54b220fda3a3dc3547cba
  GTMSessionFetcher: 61bb0f61a4cb560030f1222021178008a5727a23
  Kingfisher: 6fe5e67a90fd335e49b0f5c075ff55ac5ebedd94
  LBTAComponents: c4c8863e0ef6715e378300db148b96a09df656f7
  LBTATools: ab52bd47d7e4e31eff1bdf72f4d92829a7d029e1
  leveldb-library: 08cba283675b7ed2d99629a4bc5fd052cd2bb6a5
  nanopb: 2901f78ea1b7b4015c860c2fdd1ea2fee1a18d48
  PKHUD: 4e6162c4c39ac367c6934e9855c6b4762ee16256
  Protobuf: 3f617b9a6e73605565086864c9bc26b2bf2dd5a3
  PryntTrimmerView: 53ac64053c7ce63cb3e27f54090f52da0734891d
  SDWebImage: c739016e4bdf0a4a1f9a04b5e0385395ad63a282
  Spring: 17901566c8ecf3a1327902b940406c64512f9bb1
  SteviaLayout: 523469269059f2c6da02820bb2ff28a5fe0780aa
  UIFontComplete: 9542d390ee6114412a585d979b09fe820896695d
  UIImageColors: d2ef3b0877d203cbb06489eeb78ea8b7788caabe
  YPImagePicker: 5dd3814b47b1208e9c8cc8f6ef77fe90db3723b6

PODFILE CHECKSUM: f6004e8ae403badfefb8aee46c2ba98ec767c86c

COCOAPODS: 1.9.1
