// !$*UTF8*$!
{
	archiveVersion = 1;
	classes = {
	};
	objectVersion = 50;
	objects = {

/* Begin PBXBuildFile section */
		1F2BAA2320A7BF0200350CEC /* HomeController.swift in Sources */ = {isa = PBXBuildFile; fileRef = 1F2BAA2220A7BF0200350CEC /* HomeController.swift */; };
		1F2BAA2820A7C55700350CEC /* UserHeaderFooter.swift in Sources */ = {isa = PBXBuildFile; fileRef = 1F2BAA2720A7C55700350CEC /* UserHeaderFooter.swift */; };
		1F2BAA2A20A7C57D00350CEC /* HomeDatasource.swift in Sources */ = {isa = PBXBuildFile; fileRef = 1F2BAA2920A7C57D00350CEC /* HomeDatasource.swift */; };
		1F2BAA2C20A7D50400350CEC /* User.swift in Sources */ = {isa = PBXBuildFile; fileRef = 1F2BAA2B20A7D50400350CEC /* User.swift */; };
		1F2BAA2E20A7D8F500350CEC /* UserCell.swift in Sources */ = {isa = PBXBuildFile; fileRef = 1F2BAA2D20A7D8F500350CEC /* UserCell.swift */; };
		1F2BAA3220A7EF5700350CEC /* PostCell.swift in Sources */ = {isa = PBXBuildFile; fileRef = 1F2BAA3120A7EF5700350CEC /* PostCell.swift */; };
		1F2BAA3620A7F38D00350CEC /* Post.swift in Sources */ = {isa = PBXBuildFile; fileRef = 1F2BAA3520A7F38D00350CEC /* Post.swift */; };
		1F2BAA3820A8058700350CEC /* GoogleService-Info.plist in Resources */ = {isa = PBXBuildFile; fileRef = 1F2BAA3720A8058600350CEC /* GoogleService-Info.plist */; };
		1F2BAA3D20A80BC800350CEC /* Extensions.swift in Sources */ = {isa = PBXBuildFile; fileRef = 1F2BAA3C20A80BC800350CEC /* Extensions.swift */; };
		1F2BAA3F20A80C6800350CEC /* Message.swift in Sources */ = {isa = PBXBuildFile; fileRef = 1F2BAA3E20A80C6800350CEC /* Message.swift */; };
		1F2BAA4120A8145B00350CEC /* RegisterController.swift in Sources */ = {isa = PBXBuildFile; fileRef = 1F2BAA4020A8145B00350CEC /* RegisterController.swift */; };
		1F4FD35820A9ED4600AB73C1 /* MainTabBarController.swift in Sources */ = {isa = PBXBuildFile; fileRef = 1F4FD35720A9ED4600AB73C1 /* MainTabBarController.swift */; };
		1F4FD35A20A9EE7500AB73C1 /* UserProfileController.swift in Sources */ = {isa = PBXBuildFile; fileRef = 1F4FD35920A9EE7500AB73C1 /* UserProfileController.swift */; };
		1F4FD35D20A9F7E600AB73C1 /* UserProfileHeader.swift in Sources */ = {isa = PBXBuildFile; fileRef = 1F4FD35C20A9F7E600AB73C1 /* UserProfileHeader.swift */; };
		1F4FD36320AA1EE200AB73C1 /* LoginController.swift in Sources */ = {isa = PBXBuildFile; fileRef = 1F4FD36220AA1EE200AB73C1 /* LoginController.swift */; };
		1F4FD36620AA5CA900AB73C1 /* PostController.swift in Sources */ = {isa = PBXBuildFile; fileRef = 1F4FD36520AA5CA900AB73C1 /* PostController.swift */; };
		1F4FD36820AA5CE400AB73C1 /* PhotoSelectorController.swift in Sources */ = {isa = PBXBuildFile; fileRef = 1F4FD36720AA5CE400AB73C1 /* PhotoSelectorController.swift */; };
		1F4FD36A20AA62A900AB73C1 /* PostHeader.swift in Sources */ = {isa = PBXBuildFile; fileRef = 1F4FD36920AA62A900AB73C1 /* PostHeader.swift */; };
		1F4FD36C20AA804F00AB73C1 /* PhotoSelectorCell.swift in Sources */ = {isa = PBXBuildFile; fileRef = 1F4FD36B20AA804F00AB73C1 /* PhotoSelectorCell.swift */; };
		1F4FD36E20AA838E00AB73C1 /* PhotoSelectorHeader.swift in Sources */ = {isa = PBXBuildFile; fileRef = 1F4FD36D20AA838E00AB73C1 /* PhotoSelectorHeader.swift */; };
		1F4FD37220AAFA5200AB73C1 /* UserProfilePhotoCell.swift in Sources */ = {isa = PBXBuildFile; fileRef = 1F4FD37120AAFA5200AB73C1 /* UserProfilePhotoCell.swift */; };
		1F56619A20ADF07D00F8E1B7 /* CameraController.swift in Sources */ = {isa = PBXBuildFile; fileRef = 1F56619920ADF07D00F8E1B7 /* CameraController.swift */; };
		1F56619C20AE759800F8E1B7 /* PreviewPhotoContainerView.swift in Sources */ = {isa = PBXBuildFile; fileRef = 1F56619B20AE759800F8E1B7 /* PreviewPhotoContainerView.swift */; };
		1F56619F20AEA19800F8E1B7 /* SideMenu.swift in Sources */ = {isa = PBXBuildFile; fileRef = 1F56619E20AEA19800F8E1B7 /* SideMenu.swift */; };
		1F5661A120AEA4EE00F8E1B7 /* CustomAnimationPresenter.swift in Sources */ = {isa = PBXBuildFile; fileRef = 1F5661A020AEA4EE00F8E1B7 /* CustomAnimationPresenter.swift */; };
		1F5661A520AEA6C100F8E1B7 /* CustomAnimationDismisser.swift in Sources */ = {isa = PBXBuildFile; fileRef = 1F5661A420AEA6C100F8E1B7 /* CustomAnimationDismisser.swift */; };
		1F5661AE20AEDF9100F8E1B7 /* ProximaNovaAltBold.ttf in Resources */ = {isa = PBXBuildFile; fileRef = 1F5661A820AEDF8D00F8E1B7 /* ProximaNovaAltBold.ttf */; };
		1F5661AF20AEDF9100F8E1B7 /* ProximaNovaScOsfThin.ttf in Resources */ = {isa = PBXBuildFile; fileRef = 1F5661A920AEDF8E00F8E1B7 /* ProximaNovaScOsfThin.ttf */; };
		1F5661B020AEDF9100F8E1B7 /* ProximaNovaSemibold.ttf in Resources */ = {isa = PBXBuildFile; fileRef = 1F5661AA20AEDF8F00F8E1B7 /* ProximaNovaSemibold.ttf */; };
		1F5661B120AEDF9100F8E1B7 /* ProximaNovaAltRegular.ttf in Resources */ = {isa = PBXBuildFile; fileRef = 1F5661AB20AEDF8F00F8E1B7 /* ProximaNovaAltRegular.ttf */; };
		1F5661B220AEDF9100F8E1B7 /* ProximaNovaAltCondSemibold.ttf in Resources */ = {isa = PBXBuildFile; fileRef = 1F5661AC20AEDF9000F8E1B7 /* ProximaNovaAltCondSemibold.ttf */; };
		1F5661B320AEDF9100F8E1B7 /* ProximaNovaThin.ttf in Resources */ = {isa = PBXBuildFile; fileRef = 1F5661AD20AEDF9100F8E1B7 /* ProximaNovaThin.ttf */; };
		1F5661B520AEDF9D00F8E1B7 /* ProximaNovaAltBlack.ttf in Resources */ = {isa = PBXBuildFile; fileRef = 1F5661B420AEDF9D00F8E1B7 /* ProximaNovaAltBlack.ttf */; };
		1F5661B820AF086C00F8E1B7 /* CommentsController.swift in Sources */ = {isa = PBXBuildFile; fileRef = 1F5661B720AF086C00F8E1B7 /* CommentsController.swift */; };
		1F75BEB920ABB0C600BA7AF2 /* FetchImage.swift in Sources */ = {isa = PBXBuildFile; fileRef = 1F75BEB820ABB0C500BA7AF2 /* FetchImage.swift */; };
		1F75BEBC20ABB46200BA7AF2 /* Default-568h@2x.png in Resources */ = {isa = PBXBuildFile; fileRef = 1F75BEBB20ABB46200BA7AF2 /* Default-568h@2x.png */; };
		1F75BEC220AC277B00BA7AF2 /* FirebaseUtils.swift in Sources */ = {isa = PBXBuildFile; fileRef = 1F75BEC120AC277B00BA7AF2 /* FirebaseUtils.swift */; };
		1F75BEC520AC287900BA7AF2 /* UserSearchController.swift in Sources */ = {isa = PBXBuildFile; fileRef = 1F75BEC420AC287900BA7AF2 /* UserSearchController.swift */; };
		1F75BEC720AC312600BA7AF2 /* UserSearchCell.swift in Sources */ = {isa = PBXBuildFile; fileRef = 1F75BEC620AC312600BA7AF2 /* UserSearchCell.swift */; };
		1F75BECA20AC323400BA7AF2 /* SearchDatasource.swift in Sources */ = {isa = PBXBuildFile; fileRef = 1F75BEC920AC323400BA7AF2 /* SearchDatasource.swift */; };
		1F75BEF220AD5B0200BA7AF2 /* StickyLayout.swift in Sources */ = {isa = PBXBuildFile; fileRef = 1F75BEF120AD5B0200BA7AF2 /* StickyLayout.swift */; };
		1F8DF92420AF2B5300AEB43B /* CommentCell.swift in Sources */ = {isa = PBXBuildFile; fileRef = 1F8DF92320AF2B5300AEB43B /* CommentCell.swift */; };
		1F8DF92620AF2B8B00AEB43B /* Comment.swift in Sources */ = {isa = PBXBuildFile; fileRef = 1F8DF92520AF2B8B00AEB43B /* Comment.swift */; };
		1F8DF92C20AF2EE700AEB43B /* CommentsDatasource.swift in Sources */ = {isa = PBXBuildFile; fileRef = 1F8DF92B20AF2EE700AEB43B /* CommentsDatasource.swift */; };
		1FAB5B4320A7B10A003F9943 /* AppDelegate.swift in Sources */ = {isa = PBXBuildFile; fileRef = 1FAB5B4220A7B10A003F9943 /* AppDelegate.swift */; };
		1FAB5B4A20A7B10F003F9943 /* Assets.xcassets in Resources */ = {isa = PBXBuildFile; fileRef = 1FAB5B4920A7B10F003F9943 /* Assets.xcassets */; };
		1FAB5B4D20A7B10F003F9943 /* LaunchScreen.storyboard in Resources */ = {isa = PBXBuildFile; fileRef = 1FAB5B4B20A7B10F003F9943 /* LaunchScreen.storyboard */; };
		1FF5076620AF5B5D0092F462 /* UserProfileTextCell.swift in Sources */ = {isa = PBXBuildFile; fileRef = 1FF5076520AF5B5D0092F462 /* UserProfileTextCell.swift */; };
		FEF96D87CFE0CA30E256AC54 /* Pods_The_Cookout.framework in Frameworks */ = {isa = PBXBuildFile; fileRef = A213286CB9EB83E502E78FBB /* Pods_The_Cookout.framework */; };
/* End PBXBuildFile section */

/* Begin PBXFileReference section */
		1F2BAA2220A7BF0200350CEC /* HomeController.swift */ = {isa = PBXFileReference; lastKnownFileType = sourcecode.swift; path = HomeController.swift; sourceTree = "<group>"; };
		1F2BAA2720A7C55700350CEC /* UserHeaderFooter.swift */ = {isa = PBXFileReference; lastKnownFileType = sourcecode.swift; path = UserHeaderFooter.swift; sourceTree = "<group>"; };
		1F2BAA2920A7C57D00350CEC /* HomeDatasource.swift */ = {isa = PBXFileReference; lastKnownFileType = sourcecode.swift; path = HomeDatasource.swift; sourceTree = "<group>"; };
		1F2BAA2B20A7D50400350CEC /* User.swift */ = {isa = PBXFileReference; lastKnownFileType = sourcecode.swift; path = User.swift; sourceTree = "<group>"; };
		1F2BAA2D20A7D8F500350CEC /* UserCell.swift */ = {isa = PBXFileReference; lastKnownFileType = sourcecode.swift; path = UserCell.swift; sourceTree = "<group>"; };
		1F2BAA3120A7EF5700350CEC /* PostCell.swift */ = {isa = PBXFileReference; lastKnownFileType = sourcecode.swift; path = PostCell.swift; sourceTree = "<group>"; };
		1F2BAA3520A7F38D00350CEC /* Post.swift */ = {isa = PBXFileReference; lastKnownFileType = sourcecode.swift; path = Post.swift; sourceTree = "<group>"; };
		1F2BAA3720A8058600350CEC /* GoogleService-Info.plist */ = {isa = PBXFileReference; fileEncoding = 4; lastKnownFileType = text.plist.xml; path = "GoogleService-Info.plist"; sourceTree = "<group>"; };
		1F2BAA3C20A80BC800350CEC /* Extensions.swift */ = {isa = PBXFileReference; lastKnownFileType = sourcecode.swift; path = Extensions.swift; sourceTree = "<group>"; };
		1F2BAA3E20A80C6800350CEC /* Message.swift */ = {isa = PBXFileReference; lastKnownFileType = sourcecode.swift; path = Message.swift; sourceTree = "<group>"; };
		1F2BAA4020A8145B00350CEC /* RegisterController.swift */ = {isa = PBXFileReference; lastKnownFileType = sourcecode.swift; path = RegisterController.swift; sourceTree = "<group>"; };
		1F4FD35720A9ED4600AB73C1 /* MainTabBarController.swift */ = {isa = PBXFileReference; lastKnownFileType = sourcecode.swift; path = MainTabBarController.swift; sourceTree = "<group>"; };
		1F4FD35920A9EE7500AB73C1 /* UserProfileController.swift */ = {isa = PBXFileReference; lastKnownFileType = sourcecode.swift; path = UserProfileController.swift; sourceTree = "<group>"; };
		1F4FD35C20A9F7E600AB73C1 /* UserProfileHeader.swift */ = {isa = PBXFileReference; lastKnownFileType = sourcecode.swift; path = UserProfileHeader.swift; sourceTree = "<group>"; };
		1F4FD36220AA1EE200AB73C1 /* LoginController.swift */ = {isa = PBXFileReference; lastKnownFileType = sourcecode.swift; path = LoginController.swift; sourceTree = "<group>"; };
		1F4FD36520AA5CA900AB73C1 /* PostController.swift */ = {isa = PBXFileReference; lastKnownFileType = sourcecode.swift; path = PostController.swift; sourceTree = "<group>"; };
		1F4FD36720AA5CE400AB73C1 /* PhotoSelectorController.swift */ = {isa = PBXFileReference; lastKnownFileType = sourcecode.swift; path = PhotoSelectorController.swift; sourceTree = "<group>"; };
		1F4FD36920AA62A900AB73C1 /* PostHeader.swift */ = {isa = PBXFileReference; lastKnownFileType = sourcecode.swift; path = PostHeader.swift; sourceTree = "<group>"; };
		1F4FD36B20AA804F00AB73C1 /* PhotoSelectorCell.swift */ = {isa = PBXFileReference; lastKnownFileType = sourcecode.swift; path = PhotoSelectorCell.swift; sourceTree = "<group>"; };
		1F4FD36D20AA838E00AB73C1 /* PhotoSelectorHeader.swift */ = {isa = PBXFileReference; lastKnownFileType = sourcecode.swift; path = PhotoSelectorHeader.swift; sourceTree = "<group>"; };
		1F4FD37120AAFA5200AB73C1 /* UserProfilePhotoCell.swift */ = {isa = PBXFileReference; lastKnownFileType = sourcecode.swift; path = UserProfilePhotoCell.swift; sourceTree = "<group>"; };
		1F56619920ADF07D00F8E1B7 /* CameraController.swift */ = {isa = PBXFileReference; lastKnownFileType = sourcecode.swift; path = CameraController.swift; sourceTree = "<group>"; };
		1F56619B20AE759800F8E1B7 /* PreviewPhotoContainerView.swift */ = {isa = PBXFileReference; lastKnownFileType = sourcecode.swift; path = PreviewPhotoContainerView.swift; sourceTree = "<group>"; };
		1F56619E20AEA19800F8E1B7 /* SideMenu.swift */ = {isa = PBXFileReference; lastKnownFileType = sourcecode.swift; path = SideMenu.swift; sourceTree = "<group>"; };
		1F5661A020AEA4EE00F8E1B7 /* CustomAnimationPresenter.swift */ = {isa = PBXFileReference; lastKnownFileType = sourcecode.swift; path = CustomAnimationPresenter.swift; sourceTree = "<group>"; };
		1F5661A420AEA6C100F8E1B7 /* CustomAnimationDismisser.swift */ = {isa = PBXFileReference; lastKnownFileType = sourcecode.swift; path = CustomAnimationDismisser.swift; sourceTree = "<group>"; };
		1F5661A820AEDF8D00F8E1B7 /* ProximaNovaAltBold.ttf */ = {isa = PBXFileReference; lastKnownFileType = file; path = ProximaNovaAltBold.ttf; sourceTree = "<group>"; };
		1F5661A920AEDF8E00F8E1B7 /* ProximaNovaScOsfThin.ttf */ = {isa = PBXFileReference; lastKnownFileType = file; path = ProximaNovaScOsfThin.ttf; sourceTree = "<group>"; };
		1F5661AA20AEDF8F00F8E1B7 /* ProximaNovaSemibold.ttf */ = {isa = PBXFileReference; lastKnownFileType = file; path = ProximaNovaSemibold.ttf; sourceTree = "<group>"; };
		1F5661AB20AEDF8F00F8E1B7 /* ProximaNovaAltRegular.ttf */ = {isa = PBXFileReference; lastKnownFileType = file; path = ProximaNovaAltRegular.ttf; sourceTree = "<group>"; };
		1F5661AC20AEDF9000F8E1B7 /* ProximaNovaAltCondSemibold.ttf */ = {isa = PBXFileReference; lastKnownFileType = file; path = ProximaNovaAltCondSemibold.ttf; sourceTree = "<group>"; };
		1F5661AD20AEDF9100F8E1B7 /* ProximaNovaThin.ttf */ = {isa = PBXFileReference; lastKnownFileType = file; path = ProximaNovaThin.ttf; sourceTree = "<group>"; };
		1F5661B420AEDF9D00F8E1B7 /* ProximaNovaAltBlack.ttf */ = {isa = PBXFileReference; lastKnownFileType = file; path = ProximaNovaAltBlack.ttf; sourceTree = "<group>"; };
		1F5661B720AF086C00F8E1B7 /* CommentsController.swift */ = {isa = PBXFileReference; lastKnownFileType = sourcecode.swift; path = CommentsController.swift; sourceTree = "<group>"; };
		1F75BEB820ABB0C500BA7AF2 /* FetchImage.swift */ = {isa = PBXFileReference; lastKnownFileType = sourcecode.swift; path = FetchImage.swift; sourceTree = "<group>"; };
		1F75BEBB20ABB46200BA7AF2 /* Default-568h@2x.png */ = {isa = PBXFileReference; lastKnownFileType = image.png; path = "Default-568h@2x.png"; sourceTree = "<group>"; };
		1F75BEC120AC277B00BA7AF2 /* FirebaseUtils.swift */ = {isa = PBXFileReference; lastKnownFileType = sourcecode.swift; path = FirebaseUtils.swift; sourceTree = "<group>"; };
		1F75BEC420AC287900BA7AF2 /* UserSearchController.swift */ = {isa = PBXFileReference; lastKnownFileType = sourcecode.swift; path = UserSearchController.swift; sourceTree = "<group>"; };
		1F75BEC620AC312600BA7AF2 /* UserSearchCell.swift */ = {isa = PBXFileReference; lastKnownFileType = sourcecode.swift; path = UserSearchCell.swift; sourceTree = "<group>"; };
		1F75BEC920AC323400BA7AF2 /* SearchDatasource.swift */ = {isa = PBXFileReference; lastKnownFileType = sourcecode.swift; path = SearchDatasource.swift; sourceTree = "<group>"; };
		1F75BEF120AD5B0200BA7AF2 /* StickyLayout.swift */ = {isa = PBXFileReference; lastKnownFileType = sourcecode.swift; path = StickyLayout.swift; sourceTree = "<group>"; };
		1F8DF92320AF2B5300AEB43B /* CommentCell.swift */ = {isa = PBXFileReference; lastKnownFileType = sourcecode.swift; path = CommentCell.swift; sourceTree = "<group>"; };
		1F8DF92520AF2B8B00AEB43B /* Comment.swift */ = {isa = PBXFileReference; lastKnownFileType = sourcecode.swift; path = Comment.swift; sourceTree = "<group>"; };
		1F8DF92B20AF2EE700AEB43B /* CommentsDatasource.swift */ = {isa = PBXFileReference; lastKnownFileType = sourcecode.swift; path = CommentsDatasource.swift; sourceTree = "<group>"; };
		1FAB5B3F20A7B10A003F9943 /* The-Cookout.app */ = {isa = PBXFileReference; explicitFileType = wrapper.application; includeInIndex = 0; path = "The-Cookout.app"; sourceTree = BUILT_PRODUCTS_DIR; };
		1FAB5B4220A7B10A003F9943 /* AppDelegate.swift */ = {isa = PBXFileReference; lastKnownFileType = sourcecode.swift; path = AppDelegate.swift; sourceTree = "<group>"; };
		1FAB5B4920A7B10F003F9943 /* Assets.xcassets */ = {isa = PBXFileReference; lastKnownFileType = folder.assetcatalog; path = Assets.xcassets; sourceTree = "<group>"; };
		1FAB5B4C20A7B10F003F9943 /* Base */ = {isa = PBXFileReference; lastKnownFileType = file.storyboard; name = Base; path = Base.lproj/LaunchScreen.storyboard; sourceTree = "<group>"; };
		1FAB5B4E20A7B10F003F9943 /* Info.plist */ = {isa = PBXFileReference; lastKnownFileType = text.plist.xml; path = Info.plist; sourceTree = "<group>"; };
		1FF5076520AF5B5D0092F462 /* UserProfileTextCell.swift */ = {isa = PBXFileReference; lastKnownFileType = sourcecode.swift; path = UserProfileTextCell.swift; sourceTree = "<group>"; };
		390C881A38F3B95586CB0671 /* Pods-The-Cookout.debug.xcconfig */ = {isa = PBXFileReference; includeInIndex = 1; lastKnownFileType = text.xcconfig; name = "Pods-The-Cookout.debug.xcconfig"; path = "Pods/Target Support Files/Pods-The-Cookout/Pods-The-Cookout.debug.xcconfig"; sourceTree = "<group>"; };
		41062D1ADD562626DE736A1C /* Pods-The-Cookout.release.xcconfig */ = {isa = PBXFileReference; includeInIndex = 1; lastKnownFileType = text.xcconfig; name = "Pods-The-Cookout.release.xcconfig"; path = "Pods/Target Support Files/Pods-The-Cookout/Pods-The-Cookout.release.xcconfig"; sourceTree = "<group>"; };
		A213286CB9EB83E502E78FBB /* Pods_The_Cookout.framework */ = {isa = PBXFileReference; explicitFileType = wrapper.framework; includeInIndex = 0; path = Pods_The_Cookout.framework; sourceTree = BUILT_PRODUCTS_DIR; };
/* End PBXFileReference section */

/* Begin PBXFrameworksBuildPhase section */
		1FAB5B3C20A7B10A003F9943 /* Frameworks */ = {
			isa = PBXFrameworksBuildPhase;
			buildActionMask = 2147483647;
			files = (
				FEF96D87CFE0CA30E256AC54 /* Pods_The_Cookout.framework in Frameworks */,
			);
			runOnlyForDeploymentPostprocessing = 0;
		};
/* End PBXFrameworksBuildPhase section */

/* Begin PBXGroup section */
		1F2BAA2520A7C52C00350CEC /* Model */ = {
			isa = PBXGroup;
			children = (
				1F2BAA2B20A7D50400350CEC /* User.swift */,
				1F2BAA3520A7F38D00350CEC /* Post.swift */,
				1F2BAA3E20A80C6800350CEC /* Message.swift */,
				1F8DF92520AF2B8B00AEB43B /* Comment.swift */,
			);
			path = Model;
			sourceTree = "<group>";
		};
		1F2BAA3920A80B9900350CEC /* Utils */ = {
			isa = PBXGroup;
			children = (
				1F2BAA3C20A80BC800350CEC /* Extensions.swift */,
				1F75BEB820ABB0C500BA7AF2 /* FetchImage.swift */,
				1F75BEC120AC277B00BA7AF2 /* FirebaseUtils.swift */,
				1F75BEF120AD5B0200BA7AF2 /* StickyLayout.swift */,
			);
			path = Utils;
			sourceTree = "<group>";
		};
		1F4FD35B20A9F7D600AB73C1 /* UserProfile */ = {
			isa = PBXGroup;
			children = (
				1F4FD35920A9EE7500AB73C1 /* UserProfileController.swift */,
				1F4FD35C20A9F7E600AB73C1 /* UserProfileHeader.swift */,
				1FF5076520AF5B5D0092F462 /* UserProfileTextCell.swift */,
				1F4FD37120AAFA5200AB73C1 /* UserProfilePhotoCell.swift */,
			);
			path = UserProfile;
			sourceTree = "<group>";
		};
		1F4FD35E20A9FA7B00AB73C1 /* Home */ = {
			isa = PBXGroup;
			children = (
				1F2BAA2220A7BF0200350CEC /* HomeController.swift */,
				1F2BAA3120A7EF5700350CEC /* PostCell.swift */,
				1F2BAA2920A7C57D00350CEC /* HomeDatasource.swift */,
				1F5661B720AF086C00F8E1B7 /* CommentsController.swift */,
				1F8DF92320AF2B5300AEB43B /* CommentCell.swift */,
				1F8DF92B20AF2EE700AEB43B /* CommentsDatasource.swift */,
			);
			path = Home;
			sourceTree = "<group>";
		};
		1F4FD35F20A9FA8E00AB73C1 /* Login */ = {
			isa = PBXGroup;
			children = (
				1F4FD36220AA1EE200AB73C1 /* LoginController.swift */,
				1F2BAA4020A8145B00350CEC /* RegisterController.swift */,
			);
			path = Login;
			sourceTree = "<group>";
		};
		1F4FD36420AA5C9B00AB73C1 /* AddPost */ = {
			isa = PBXGroup;
			children = (
				1F4FD36520AA5CA900AB73C1 /* PostController.swift */,
				1F4FD36920AA62A900AB73C1 /* PostHeader.swift */,
				1F4FD36720AA5CE400AB73C1 /* PhotoSelectorController.swift */,
				1F4FD36D20AA838E00AB73C1 /* PhotoSelectorHeader.swift */,
				1F4FD36B20AA804F00AB73C1 /* PhotoSelectorCell.swift */,
			);
			path = AddPost;
			sourceTree = "<group>";
		};
		1F56619820ADF06800F8E1B7 /* Camera */ = {
			isa = PBXGroup;
			children = (
				1F56619920ADF07D00F8E1B7 /* CameraController.swift */,
				1F56619B20AE759800F8E1B7 /* PreviewPhotoContainerView.swift */,
			);
			path = Camera;
			sourceTree = "<group>";
		};
		1F56619D20AEA18700F8E1B7 /* SideMenu */ = {
			isa = PBXGroup;
			children = (
				1F56619E20AEA19800F8E1B7 /* SideMenu.swift */,
			);
			path = SideMenu;
			sourceTree = "<group>";
		};
		1F5661A620AEA7B200F8E1B7 /* CustomAnimationPresenter */ = {
			isa = PBXGroup;
			children = (
				1F5661A020AEA4EE00F8E1B7 /* CustomAnimationPresenter.swift */,
				1F5661A420AEA6C100F8E1B7 /* CustomAnimationDismisser.swift */,
			);
			path = CustomAnimationPresenter;
			sourceTree = "<group>";
		};
		1F5661A720AEDF6E00F8E1B7 /* Resources */ = {
			isa = PBXGroup;
			children = (
				1F5661B420AEDF9D00F8E1B7 /* ProximaNovaAltBlack.ttf */,
				1F5661A820AEDF8D00F8E1B7 /* ProximaNovaAltBold.ttf */,
				1F5661AC20AEDF9000F8E1B7 /* ProximaNovaAltCondSemibold.ttf */,
				1F5661AB20AEDF8F00F8E1B7 /* ProximaNovaAltRegular.ttf */,
				1F5661A920AEDF8E00F8E1B7 /* ProximaNovaScOsfThin.ttf */,
				1F5661AA20AEDF8F00F8E1B7 /* ProximaNovaSemibold.ttf */,
				1F5661AD20AEDF9100F8E1B7 /* ProximaNovaThin.ttf */,
			);
			path = Resources;
			sourceTree = "<group>";
		};
		1F75BEC320AC281700BA7AF2 /* Search */ = {
			isa = PBXGroup;
			children = (
				1F75BEC420AC287900BA7AF2 /* UserSearchController.swift */,
				1F75BEC620AC312600BA7AF2 /* UserSearchCell.swift */,
				1F2BAA2D20A7D8F500350CEC /* UserCell.swift */,
				1F2BAA2720A7C55700350CEC /* UserHeaderFooter.swift */,
				1F75BEC920AC323400BA7AF2 /* SearchDatasource.swift */,
			);
			path = Search;
			sourceTree = "<group>";
		};
		1FAB5B3620A7B10A003F9943 = {
			isa = PBXGroup;
			children = (
				1F5661A720AEDF6E00F8E1B7 /* Resources */,
				1F75BEBB20ABB46200BA7AF2 /* Default-568h@2x.png */,
				1F2BAA3720A8058600350CEC /* GoogleService-Info.plist */,
				1FAB5B4120A7B10A003F9943 /* The-Cookout */,
				1FAB5B4020A7B10A003F9943 /* Products */,
				E4BC5B1462880AB2A55CB400 /* Pods */,
				E24918EF2D0D08D964B871C1 /* Frameworks */,
			);
			sourceTree = "<group>";
		};
		1FAB5B4020A7B10A003F9943 /* Products */ = {
			isa = PBXGroup;
			children = (
				1FAB5B3F20A7B10A003F9943 /* The-Cookout.app */,
			);
			name = Products;
			sourceTree = "<group>";
		};
		1FAB5B4120A7B10A003F9943 /* The-Cookout */ = {
			isa = PBXGroup;
			children = (
				1F5661A620AEA7B200F8E1B7 /* CustomAnimationPresenter */,
				1F56619D20AEA18700F8E1B7 /* SideMenu */,
				1F56619820ADF06800F8E1B7 /* Camera */,
				1F75BEC320AC281700BA7AF2 /* Search */,
				1F4FD35F20A9FA8E00AB73C1 /* Login */,
				1F4FD35E20A9FA7B00AB73C1 /* Home */,
				1F4FD35B20A9F7D600AB73C1 /* UserProfile */,
				1F4FD36420AA5C9B00AB73C1 /* AddPost */,
				1F2BAA2520A7C52C00350CEC /* Model */,
				1F2BAA3920A80B9900350CEC /* Utils */,
				1F4FD35720A9ED4600AB73C1 /* MainTabBarController.swift */,
				1FAB5B4B20A7B10F003F9943 /* LaunchScreen.storyboard */,
				1FAB5B4920A7B10F003F9943 /* Assets.xcassets */,
				1FAB5B4E20A7B10F003F9943 /* Info.plist */,
				1FAB5B4220A7B10A003F9943 /* AppDelegate.swift */,
			);
			path = "The-Cookout";
			sourceTree = "<group>";
		};
		E24918EF2D0D08D964B871C1 /* Frameworks */ = {
			isa = PBXGroup;
			children = (
				A213286CB9EB83E502E78FBB /* Pods_The_Cookout.framework */,
			);
			name = Frameworks;
			sourceTree = "<group>";
		};
		E4BC5B1462880AB2A55CB400 /* Pods */ = {
			isa = PBXGroup;
			children = (
				390C881A38F3B95586CB0671 /* Pods-The-Cookout.debug.xcconfig */,
				41062D1ADD562626DE736A1C /* Pods-The-Cookout.release.xcconfig */,
			);
			name = Pods;
			sourceTree = "<group>";
		};
/* End PBXGroup section */

/* Begin PBXNativeTarget section */
		1FAB5B3E20A7B10A003F9943 /* The-Cookout */ = {
			isa = PBXNativeTarget;
			buildConfigurationList = 1FAB5B5120A7B10F003F9943 /* Build configuration list for PBXNativeTarget "The-Cookout" */;
			buildPhases = (
				60427265C1F9FC9FBD3929C8 /* [CP] Check Pods Manifest.lock */,
				1FAB5B3B20A7B10A003F9943 /* Sources */,
				1FAB5B3C20A7B10A003F9943 /* Frameworks */,
				1FAB5B3D20A7B10A003F9943 /* Resources */,
				AC607530D9E275CE1F8A9D55 /* [CP] Embed Pods Frameworks */,
			);
			buildRules = (
			);
			dependencies = (
			);
			name = "The-Cookout";
			productName = "The-Cookout";
			productReference = 1FAB5B3F20A7B10A003F9943 /* The-Cookout.app */;
			productType = "com.apple.product-type.application";
		};
/* End PBXNativeTarget section */

/* Begin PBXProject section */
		1FAB5B3720A7B10A003F9943 /* Project object */ = {
			isa = PBXProject;
			attributes = {
				LastSwiftUpdateCheck = 0930;
				LastUpgradeCheck = 0930;
				ORGANIZATIONNAME = "Chandan B";
				TargetAttributes = {
					1FAB5B3E20A7B10A003F9943 = {
						CreatedOnToolsVersion = 9.3.1;
					};
				};
			};
			buildConfigurationList = 1FAB5B3A20A7B10A003F9943 /* Build configuration list for PBXProject "The-Cookout" */;
			compatibilityVersion = "Xcode 9.3";
			developmentRegion = en;
			hasScannedForEncodings = 0;
			knownRegions = (
				en,
				Base,
			);
			mainGroup = 1FAB5B3620A7B10A003F9943;
			productRefGroup = 1FAB5B4020A7B10A003F9943 /* Products */;
			projectDirPath = "";
			projectRoot = "";
			targets = (
				1FAB5B3E20A7B10A003F9943 /* The-Cookout */,
			);
		};
/* End PBXProject section */

/* Begin PBXResourcesBuildPhase section */
		1FAB5B3D20A7B10A003F9943 /* Resources */ = {
			isa = PBXResourcesBuildPhase;
			buildActionMask = 2147483647;
			files = (
				1F5661B320AEDF9100F8E1B7 /* ProximaNovaThin.ttf in Resources */,
				1F5661AF20AEDF9100F8E1B7 /* ProximaNovaScOsfThin.ttf in Resources */,
				1F5661B020AEDF9100F8E1B7 /* ProximaNovaSemibold.ttf in Resources */,
				1F5661B220AEDF9100F8E1B7 /* ProximaNovaAltCondSemibold.ttf in Resources */,
				1F5661B120AEDF9100F8E1B7 /* ProximaNovaAltRegular.ttf in Resources */,
				1F5661AE20AEDF9100F8E1B7 /* ProximaNovaAltBold.ttf in Resources */,
				1F5661B520AEDF9D00F8E1B7 /* ProximaNovaAltBlack.ttf in Resources */,
				1FAB5B4D20A7B10F003F9943 /* LaunchScreen.storyboard in Resources */,
				1F75BEBC20ABB46200BA7AF2 /* Default-568h@2x.png in Resources */,
				1FAB5B4A20A7B10F003F9943 /* Assets.xcassets in Resources */,
				1F2BAA3820A8058700350CEC /* GoogleService-Info.plist in Resources */,
			);
			runOnlyForDeploymentPostprocessing = 0;
		};
/* End PBXResourcesBuildPhase section */

/* Begin PBXShellScriptBuildPhase section */
		60427265C1F9FC9FBD3929C8 /* [CP] Check Pods Manifest.lock */ = {
			isa = PBXShellScriptBuildPhase;
			buildActionMask = 2147483647;
			files = (
			);
			inputPaths = (
				"${PODS_PODFILE_DIR_PATH}/Podfile.lock",
				"${PODS_ROOT}/Manifest.lock",
			);
			name = "[CP] Check Pods Manifest.lock";
			outputPaths = (
				"$(DERIVED_FILE_DIR)/Pods-The-Cookout-checkManifestLockResult.txt",
			);
			runOnlyForDeploymentPostprocessing = 0;
			shellPath = /bin/sh;
			shellScript = "diff \"${PODS_PODFILE_DIR_PATH}/Podfile.lock\" \"${PODS_ROOT}/Manifest.lock\" > /dev/null\nif [ $? != 0 ] ; then\n    # print error to STDERR\n    echo \"error: The sandbox is not in sync with the Podfile.lock. Run 'pod install' or update your CocoaPods installation.\" >&2\n    exit 1\nfi\n# This output is used by Xcode 'outputs' to avoid re-running this script phase.\necho \"SUCCESS\" > \"${SCRIPT_OUTPUT_FILE_0}\"\n";
			showEnvVarsInLog = 0;
		};
		AC607530D9E275CE1F8A9D55 /* [CP] Embed Pods Frameworks */ = {
			isa = PBXShellScriptBuildPhase;
			buildActionMask = 2147483647;
			files = (
			);
			inputPaths = (
				"${SRCROOT}/Pods/Target Support Files/Pods-The-Cookout/Pods-The-Cookout-frameworks.sh",
				"${BUILT_PRODUCTS_DIR}/Bolts-Swift/BoltsSwift.framework",
				"${BUILT_PRODUCTS_DIR}/BonMot/BonMot.framework",
				"${BUILT_PRODUCTS_DIR}/GSKStretchyHeaderView/GSKStretchyHeaderView.framework",
				"${BUILT_PRODUCTS_DIR}/GTMSessionFetcher/GTMSessionFetcher.framework",
				"${BUILT_PRODUCTS_DIR}/GoogleToolboxForMac/GoogleToolboxForMac.framework",
				"${BUILT_PRODUCTS_DIR}/Kingfisher/Kingfisher.framework",
				"${BUILT_PRODUCTS_DIR}/LBTAComponents/LBTAComponents.framework",
				"${BUILT_PRODUCTS_DIR}/Protobuf/Protobuf.framework",
				"${BUILT_PRODUCTS_DIR}/Spring/Spring.framework",
				"${BUILT_PRODUCTS_DIR}/UIFontComplete/UIFontComplete.framework",
				"${BUILT_PRODUCTS_DIR}/leveldb-library/leveldb.framework",
				"${BUILT_PRODUCTS_DIR}/nanopb/nanopb.framework",
			);
			name = "[CP] Embed Pods Frameworks";
			outputPaths = (
				"${TARGET_BUILD_DIR}/${FRAMEWORKS_FOLDER_PATH}/BoltsSwift.framework",
				"${TARGET_BUILD_DIR}/${FRAMEWORKS_FOLDER_PATH}/BonMot.framework",
				"${TARGET_BUILD_DIR}/${FRAMEWORKS_FOLDER_PATH}/GSKStretchyHeaderView.framework",
				"${TARGET_BUILD_DIR}/${FRAMEWORKS_FOLDER_PATH}/GTMSessionFetcher.framework",
				"${TARGET_BUILD_DIR}/${FRAMEWORKS_FOLDER_PATH}/GoogleToolboxForMac.framework",
				"${TARGET_BUILD_DIR}/${FRAMEWORKS_FOLDER_PATH}/Kingfisher.framework",
				"${TARGET_BUILD_DIR}/${FRAMEWORKS_FOLDER_PATH}/LBTAComponents.framework",
				"${TARGET_BUILD_DIR}/${FRAMEWORKS_FOLDER_PATH}/Protobuf.framework",
				"${TARGET_BUILD_DIR}/${FRAMEWORKS_FOLDER_PATH}/Spring.framework",
				"${TARGET_BUILD_DIR}/${FRAMEWORKS_FOLDER_PATH}/UIFontComplete.framework",
				"${TARGET_BUILD_DIR}/${FRAMEWORKS_FOLDER_PATH}/leveldb.framework",
				"${TARGET_BUILD_DIR}/${FRAMEWORKS_FOLDER_PATH}/nanopb.framework",
			);
			runOnlyForDeploymentPostprocessing = 0;
			shellPath = /bin/sh;
			shellScript = "\"${SRCROOT}/Pods/Target Support Files/Pods-The-Cookout/Pods-The-Cookout-frameworks.sh\"\n";
			showEnvVarsInLog = 0;
		};
/* End PBXShellScriptBuildPhase section */

/* Begin PBXSourcesBuildPhase section */
		1FAB5B3B20A7B10A003F9943 /* Sources */ = {
			isa = PBXSourcesBuildPhase;
			buildActionMask = 2147483647;
			files = (
				1F4FD36320AA1EE200AB73C1 /* LoginController.swift in Sources */,
				1F4FD35D20A9F7E600AB73C1 /* UserProfileHeader.swift in Sources */,
				1F5661B820AF086C00F8E1B7 /* CommentsController.swift in Sources */,
				1F2BAA2A20A7C57D00350CEC /* HomeDatasource.swift in Sources */,
				1F56619F20AEA19800F8E1B7 /* SideMenu.swift in Sources */,
				1F4FD35820A9ED4600AB73C1 /* MainTabBarController.swift in Sources */,
				1F2BAA4120A8145B00350CEC /* RegisterController.swift in Sources */,
				1F4FD36E20AA838E00AB73C1 /* PhotoSelectorHeader.swift in Sources */,
				1FAB5B4320A7B10A003F9943 /* AppDelegate.swift in Sources */,
				1F2BAA2C20A7D50400350CEC /* User.swift in Sources */,
				1F2BAA2820A7C55700350CEC /* UserHeaderFooter.swift in Sources */,
				1F4FD36C20AA804F00AB73C1 /* PhotoSelectorCell.swift in Sources */,
				1F2BAA3D20A80BC800350CEC /* Extensions.swift in Sources */,
				1F2BAA3F20A80C6800350CEC /* Message.swift in Sources */,
				1F75BEC720AC312600BA7AF2 /* UserSearchCell.swift in Sources */,
				1F4FD35A20A9EE7500AB73C1 /* UserProfileController.swift in Sources */,
				1F2BAA2320A7BF0200350CEC /* HomeController.swift in Sources */,
				1FF5076620AF5B5D0092F462 /* UserProfileTextCell.swift in Sources */,
				1F4FD36A20AA62A900AB73C1 /* PostHeader.swift in Sources */,
				1F8DF92620AF2B8B00AEB43B /* Comment.swift in Sources */,
				1F5661A120AEA4EE00F8E1B7 /* CustomAnimationPresenter.swift in Sources */,
				1F75BECA20AC323400BA7AF2 /* SearchDatasource.swift in Sources */,
				1F75BEC220AC277B00BA7AF2 /* FirebaseUtils.swift in Sources */,
				1F8DF92420AF2B5300AEB43B /* CommentCell.swift in Sources */,
				1F2BAA2E20A7D8F500350CEC /* UserCell.swift in Sources */,
				1F2BAA3220A7EF5700350CEC /* PostCell.swift in Sources */,
				1F75BEF220AD5B0200BA7AF2 /* StickyLayout.swift in Sources */,
				1F8DF92C20AF2EE700AEB43B /* CommentsDatasource.swift in Sources */,
				1F5661A520AEA6C100F8E1B7 /* CustomAnimationDismisser.swift in Sources */,
				1F4FD36820AA5CE400AB73C1 /* PhotoSelectorController.swift in Sources */,
				1F56619A20ADF07D00F8E1B7 /* CameraController.swift in Sources */,
				1F2BAA3620A7F38D00350CEC /* Post.swift in Sources */,
				1F4FD36620AA5CA900AB73C1 /* PostController.swift in Sources */,
				1F75BEC520AC287900BA7AF2 /* UserSearchController.swift in Sources */,
				1F56619C20AE759800F8E1B7 /* PreviewPhotoContainerView.swift in Sources */,
				1F4FD37220AAFA5200AB73C1 /* UserProfilePhotoCell.swift in Sources */,
				1F75BEB920ABB0C600BA7AF2 /* FetchImage.swift in Sources */,
			);
			runOnlyForDeploymentPostprocessing = 0;
		};
/* End PBXSourcesBuildPhase section */

/* Begin PBXVariantGroup section */
		1FAB5B4B20A7B10F003F9943 /* LaunchScreen.storyboard */ = {
			isa = PBXVariantGroup;
			children = (
				1FAB5B4C20A7B10F003F9943 /* Base */,
			);
			name = LaunchScreen.storyboard;
			sourceTree = "<group>";
		};
/* End PBXVariantGroup section */

/* Begin XCBuildConfiguration section */
		1FAB5B4F20A7B10F003F9943 /* Debug */ = {
			isa = XCBuildConfiguration;
			buildSettings = {
				ALWAYS_SEARCH_USER_PATHS = NO;
				CLANG_ANALYZER_NONNULL = YES;
				CLANG_ANALYZER_NUMBER_OBJECT_CONVERSION = YES_AGGRESSIVE;
				CLANG_CXX_LANGUAGE_STANDARD = "gnu++14";
				CLANG_CXX_LIBRARY = "libc++";
				CLANG_ENABLE_MODULES = YES;
				CLANG_ENABLE_OBJC_ARC = YES;
				CLANG_ENABLE_OBJC_WEAK = YES;
				CLANG_WARN_BLOCK_CAPTURE_AUTORELEASING = YES;
				CLANG_WARN_BOOL_CONVERSION = YES;
				CLANG_WARN_COMMA = YES;
				CLANG_WARN_CONSTANT_CONVERSION = YES;
				CLANG_WARN_DEPRECATED_OBJC_IMPLEMENTATIONS = YES;
				CLANG_WARN_DIRECT_OBJC_ISA_USAGE = YES_ERROR;
				CLANG_WARN_DOCUMENTATION_COMMENTS = YES;
				CLANG_WARN_EMPTY_BODY = YES;
				CLANG_WARN_ENUM_CONVERSION = YES;
				CLANG_WARN_INFINITE_RECURSION = YES;
				CLANG_WARN_INT_CONVERSION = YES;
				CLANG_WARN_NON_LITERAL_NULL_CONVERSION = YES;
				CLANG_WARN_OBJC_IMPLICIT_RETAIN_SELF = YES;
				CLANG_WARN_OBJC_LITERAL_CONVERSION = YES;
				CLANG_WARN_OBJC_ROOT_CLASS = YES_ERROR;
				CLANG_WARN_RANGE_LOOP_ANALYSIS = YES;
				CLANG_WARN_STRICT_PROTOTYPES = YES;
				CLANG_WARN_SUSPICIOUS_MOVE = YES;
				CLANG_WARN_UNGUARDED_AVAILABILITY = YES_AGGRESSIVE;
				CLANG_WARN_UNREACHABLE_CODE = YES;
				CLANG_WARN__DUPLICATE_METHOD_MATCH = YES;
				CODE_SIGN_IDENTITY = "iPhone Developer";
				COPY_PHASE_STRIP = NO;
				DEBUG_INFORMATION_FORMAT = dwarf;
				ENABLE_STRICT_OBJC_MSGSEND = YES;
				ENABLE_TESTABILITY = YES;
				GCC_C_LANGUAGE_STANDARD = gnu11;
				GCC_DYNAMIC_NO_PIC = NO;
				GCC_NO_COMMON_BLOCKS = YES;
				GCC_OPTIMIZATION_LEVEL = 0;
				GCC_PREPROCESSOR_DEFINITIONS = (
					"DEBUG=1",
					"$(inherited)",
				);
				GCC_WARN_64_TO_32_BIT_CONVERSION = YES;
				GCC_WARN_ABOUT_RETURN_TYPE = YES_ERROR;
				GCC_WARN_UNDECLARED_SELECTOR = YES;
				GCC_WARN_UNINITIALIZED_AUTOS = YES_AGGRESSIVE;
				GCC_WARN_UNUSED_FUNCTION = YES;
				GCC_WARN_UNUSED_VARIABLE = YES;
				IPHONEOS_DEPLOYMENT_TARGET = 11.3;
				MTL_ENABLE_DEBUG_INFO = YES;
				ONLY_ACTIVE_ARCH = YES;
				SDKROOT = iphoneos;
				SWIFT_ACTIVE_COMPILATION_CONDITIONS = DEBUG;
				SWIFT_OPTIMIZATION_LEVEL = "-Onone";
			};
			name = Debug;
		};
		1FAB5B5020A7B10F003F9943 /* Release */ = {
			isa = XCBuildConfiguration;
			buildSettings = {
				ALWAYS_SEARCH_USER_PATHS = NO;
				CLANG_ANALYZER_NONNULL = YES;
				CLANG_ANALYZER_NUMBER_OBJECT_CONVERSION = YES_AGGRESSIVE;
				CLANG_CXX_LANGUAGE_STANDARD = "gnu++14";
				CLANG_CXX_LIBRARY = "libc++";
				CLANG_ENABLE_MODULES = YES;
				CLANG_ENABLE_OBJC_ARC = YES;
				CLANG_ENABLE_OBJC_WEAK = YES;
				CLANG_WARN_BLOCK_CAPTURE_AUTORELEASING = YES;
				CLANG_WARN_BOOL_CONVERSION = YES;
				CLANG_WARN_COMMA = YES;
				CLANG_WARN_CONSTANT_CONVERSION = YES;
				CLANG_WARN_DEPRECATED_OBJC_IMPLEMENTATIONS = YES;
				CLANG_WARN_DIRECT_OBJC_ISA_USAGE = YES_ERROR;
				CLANG_WARN_DOCUMENTATION_COMMENTS = YES;
				CLANG_WARN_EMPTY_BODY = YES;
				CLANG_WARN_ENUM_CONVERSION = YES;
				CLANG_WARN_INFINITE_RECURSION = YES;
				CLANG_WARN_INT_CONVERSION = YES;
				CLANG_WARN_NON_LITERAL_NULL_CONVERSION = YES;
				CLANG_WARN_OBJC_IMPLICIT_RETAIN_SELF = YES;
				CLANG_WARN_OBJC_LITERAL_CONVERSION = YES;
				CLANG_WARN_OBJC_ROOT_CLASS = YES_ERROR;
				CLANG_WARN_RANGE_LOOP_ANALYSIS = YES;
				CLANG_WARN_STRICT_PROTOTYPES = YES;
				CLANG_WARN_SUSPICIOUS_MOVE = YES;
				CLANG_WARN_UNGUARDED_AVAILABILITY = YES_AGGRESSIVE;
				CLANG_WARN_UNREACHABLE_CODE = YES;
				CLANG_WARN__DUPLICATE_METHOD_MATCH = YES;
				CODE_SIGN_IDENTITY = "iPhone Developer";
				COPY_PHASE_STRIP = NO;
				DEBUG_INFORMATION_FORMAT = "dwarf-with-dsym";
				ENABLE_NS_ASSERTIONS = NO;
				ENABLE_STRICT_OBJC_MSGSEND = YES;
				GCC_C_LANGUAGE_STANDARD = gnu11;
				GCC_NO_COMMON_BLOCKS = YES;
				GCC_WARN_64_TO_32_BIT_CONVERSION = YES;
				GCC_WARN_ABOUT_RETURN_TYPE = YES_ERROR;
				GCC_WARN_UNDECLARED_SELECTOR = YES;
				GCC_WARN_UNINITIALIZED_AUTOS = YES_AGGRESSIVE;
				GCC_WARN_UNUSED_FUNCTION = YES;
				GCC_WARN_UNUSED_VARIABLE = YES;
				IPHONEOS_DEPLOYMENT_TARGET = 11.3;
				MTL_ENABLE_DEBUG_INFO = NO;
				SDKROOT = iphoneos;
				SWIFT_COMPILATION_MODE = wholemodule;
				SWIFT_OPTIMIZATION_LEVEL = "-O";
				VALIDATE_PRODUCT = YES;
			};
			name = Release;
		};
		1FAB5B5220A7B10F003F9943 /* Debug */ = {
			isa = XCBuildConfiguration;
			baseConfigurationReference = 390C881A38F3B95586CB0671 /* Pods-The-Cookout.debug.xcconfig */;
			buildSettings = {
				ASSETCATALOG_COMPILER_APPICON_NAME = AppIcon;
				CODE_SIGN_STYLE = Automatic;
				DEVELOPMENT_TEAM = T3KBBP5PMG;
				INFOPLIST_FILE = "The-Cookout/Info.plist";
				IPHONEOS_DEPLOYMENT_TARGET = 11.0;
				LD_RUNPATH_SEARCH_PATHS = (
					"$(inherited)",
					"@executable_path/Frameworks",
				);
				PRODUCT_BUNDLE_IDENTIFIER = "com.App-Power.The-Cookout";
				PRODUCT_NAME = "$(TARGET_NAME)";
				SWIFT_VERSION = 4.0;
				TARGETED_DEVICE_FAMILY = "1,2";
			};
			name = Debug;
		};
		1FAB5B5320A7B10F003F9943 /* Release */ = {
			isa = XCBuildConfiguration;
			baseConfigurationReference = 41062D1ADD562626DE736A1C /* Pods-The-Cookout.release.xcconfig */;
			buildSettings = {
				ASSETCATALOG_COMPILER_APPICON_NAME = AppIcon;
				CODE_SIGN_STYLE = Automatic;
				DEVELOPMENT_TEAM = T3KBBP5PMG;
				INFOPLIST_FILE = "The-Cookout/Info.plist";
				IPHONEOS_DEPLOYMENT_TARGET = 11.0;
				LD_RUNPATH_SEARCH_PATHS = (
					"$(inherited)",
					"@executable_path/Frameworks",
				);
				PRODUCT_BUNDLE_IDENTIFIER = "com.App-Power.The-Cookout";
				PRODUCT_NAME = "$(TARGET_NAME)";
				SWIFT_VERSION = 4.0;
				TARGETED_DEVICE_FAMILY = "1,2";
			};
			name = Release;
		};
/* End XCBuildConfiguration section */

/* Begin XCConfigurationList section */
		1FAB5B3A20A7B10A003F9943 /* Build configuration list for PBXProject "The-Cookout" */ = {
			isa = XCConfigurationList;
			buildConfigurations = (
				1FAB5B4F20A7B10F003F9943 /* Debug */,
				1FAB5B5020A7B10F003F9943 /* Release */,
			);
			defaultConfigurationIsVisible = 0;
			defaultConfigurationName = Release;
		};
		1FAB5B5120A7B10F003F9943 /* Build configuration list for PBXNativeTarget "The-Cookout" */ = {
			isa = XCConfigurationList;
			buildConfigurations = (
				1FAB5B5220A7B10F003F9943 /* Debug */,
				1FAB5B5320A7B10F003F9943 /* Release */,
			);
			defaultConfigurationIsVisible = 0;
			defaultConfigurationName = Release;
		};
/* End XCConfigurationList section */
	};
	rootObject = 1FAB5B3720A7B10A003F9943 /* Project object */;
}
